{
    "hash": "3dcb80f6b305afc03c05c1b0fd24502f",
    "packages": [
        {
            "name": "composer/composer",
            "version": "dev-master",
            "source": {
                "type": "git",
                "url": "https://github.com/composer/composer.git",
                "reference": "2db6fa1d501060e37f8f47963c8b6a2df68ad466"
            },
            "dist": {
                "type": "zip",
                "url": "https://api.github.com/repos/composer/composer/zipball/2db6fa1d501060e37f8f47963c8b6a2df68ad466",
                "reference": "2db6fa1d501060e37f8f47963c8b6a2df68ad466",
                "shasum": ""
            },
            "require": {
                "justinrainbow/json-schema": "1.1.*",
                "php": ">=5.3.2",
                "seld/jsonlint": "1.*",
                "symfony/console": ">=2.1,<3.0",
                "symfony/finder": ">=2.1,<3.0",
                "symfony/process": ">=2.1,<3.0"
            },
            "require-dev": {
                "phpunit/phpunit": ">=3.7.10.0,<3.8"
            },
            "suggest": {
                "ext-openssl": "Enabling the openssl extension allows you to access https URLs for repositories and packages",
                "ext-zip": "Enabling the zip extension allows you to unzip archives, and allows gzip compression of all internet traffic"
            },
            "bin": [
                "bin/composer"
            ],
            "type": "library",
            "extra": {
                "branch-alias": {
                    "dev-master": "1.0-dev"
                }
            },
            "autoload": {
                "psr-0": {
                    "Composer": "src/"
                }
            },
            "notification-url": "https://packagist.org/downloads/",
            "license": [
                "MIT"
            ],
            "authors": [
                {
                    "name": "Jordi Boggiano",
                    "email": "j.boggiano@seld.be",
                    "homepage": "http://seld.be",
                    "role": "Developer"
                },
                {
                    "name": "Nils Adermann",
                    "email": "naderman@naderman.de",
                    "homepage": "http://www.naderman.de"
                }
            ],
            "description": "Dependency Manager",
            "homepage": "http://getcomposer.org/",
            "keywords": [
                "autoload",
                "dependency",
                "package"
            ],
            "time": "2013-03-04 08:56:43"
        },
        {
            "name": "icecave/isolator",
            "version": "2.1.1",
            "source": {
                "type": "git",
                "url": "https://github.com/IcecaveStudios/isolator.git",
                "reference": "2.1.1"
            },
            "dist": {
                "type": "zip",
                "url": "https://github.com/IcecaveStudios/isolator/archive/2.1.1.zip",
                "reference": "2.1.1",
                "shasum": ""
            },
            "require": {
                "php": ">=5.3.0"
            },
            "require-dev": {
                "icecave/testing": "1.*"
            },
            "type": "library",
            "autoload": {
                "psr-0": {
                    "Icecave\\Isolator": "lib"
                }
            },
            "notification-url": "https://packagist.org/downloads/",
            "license": [
                "MIT"
            ],
            "authors": [
                {
                    "name": "James Harris",
                    "email": "james.harris@icecave.com.au"
                }
            ],
            "description": "Mock out calls to built-in PHP functions.",
            "homepage": "https://github.com/IcecaveStudios/isolator",
            "keywords": [
                "fake",
                "mock",
                "phake",
                "phpunit",
                "test",
                "unit"
            ],
            "time": "2013-01-14 04:17:36"
        },
        {
            "name": "justinrainbow/json-schema",
            "version": "1.1.0",
            "source": {
                "type": "git",
                "url": "git://github.com/justinrainbow/json-schema.git",
                "reference": "v1.1.0"
            },
            "dist": {
                "type": "zip",
                "url": "https://github.com/justinrainbow/json-schema/archive/v1.1.0.zip",
                "reference": "v1.1.0",
                "shasum": ""
            },
            "require": {
                "php": ">=5.3.0"
            },
            "type": "library",
            "autoload": {
                "psr-0": {
                    "JsonSchema": "src/"
                }
            },
            "notification-url": "https://packagist.org/downloads/",
            "license": [
                "NewBSD"
            ],
            "authors": [
                {
                    "name": "Igor Wiedler",
                    "email": "igor@wiedler.ch",
                    "homepage": "http://wiedler.ch/igor/"
                },
                {
                    "name": "Bruno Prieto Reis",
                    "email": "bruno.p.reis@gmail.com"
                },
                {
                    "name": "Justin Rainbow",
                    "email": "justin.rainbow@gmail.com"
                },
                {
                    "name": "Robert Schönthal",
                    "email": "seroscho@googlemail.com",
                    "homepage": "http://digitalkaoz.net"
                }
            ],
            "description": "A library to validate a json schema.",
            "homepage": "https://github.com/justinrainbow/json-schema",
            "keywords": [
                "json",
                "schema"
            ],
            "time": "2012-01-03 00:33:17"
        },
        {
            "name": "seld/jsonlint",
            "version": "1.1.1",
            "source": {
                "type": "git",
                "url": "http://github.com/Seldaek/jsonlint",
                "reference": "1.1.1"
            },
            "dist": {
                "type": "zip",
                "url": "https://api.github.com/repos/Seldaek/jsonlint/zipball/1.1.1",
                "reference": "1.1.1",
                "shasum": ""
            },
            "require": {
                "php": ">=5.3.0"
            },
            "bin": [
                "bin/jsonlint"
            ],
            "type": "library",
            "autoload": {
                "psr-0": {
                    "Seld\\JsonLint": "src/"
                }
            },
            "notification-url": "https://packagist.org/downloads/",
            "license": [
                "MIT"
            ],
            "authors": [
                {
                    "name": "Jordi Boggiano",
                    "email": "j.boggiano@seld.be",
                    "homepage": "http://seld.be",
                    "role": "Developer"
                }
            ],
            "description": "JSON Linter",
            "keywords": [
                "json",
                "linter",
                "parser",
                "validator"
            ],
            "time": "2013-02-11 23:03:12"
        },
        {
            "name": "symfony/console",
            "version": "v2.2.0",
            "target-dir": "Symfony/Component/Console",
            "source": {
                "type": "git",
                "url": "https://github.com/symfony/Console.git",
                "reference": "v2.2.0"
            },
            "dist": {
                "type": "zip",
                "url": "https://api.github.com/repos/symfony/Console/zipball/v2.2.0",
                "reference": "v2.2.0",
                "shasum": ""
            },
            "require": {
                "php": ">=5.3.3"
            },
            "type": "library",
            "extra": {
                "branch-alias": {
                    "dev-master": "2.2-dev"
                }
            },
            "autoload": {
                "psr-0": {
                    "Symfony\\Component\\Console\\": ""
                }
            },
            "notification-url": "https://packagist.org/downloads/",
            "license": [
                "MIT"
            ],
            "authors": [
                {
                    "name": "Fabien Potencier",
                    "email": "fabien@symfony.com"
                },
                {
                    "name": "Symfony Community",
                    "homepage": "http://symfony.com/contributors"
                }
            ],
            "description": "Symfony Console Component",
            "homepage": "http://symfony.com",
            "time": "2013-03-01 06:43:14"
        },
        {
            "name": "symfony/finder",
            "version": "v2.2.0",
            "target-dir": "Symfony/Component/Finder",
            "source": {
                "type": "git",
                "url": "https://github.com/symfony/Finder.git",
                "reference": "v2.2.0"
            },
            "dist": {
                "type": "zip",
                "url": "https://api.github.com/repos/symfony/Finder/zipball/v2.2.0",
                "reference": "v2.2.0",
                "shasum": ""
            },
            "require": {
                "php": ">=5.3.3"
            },
            "type": "library",
            "extra": {
                "branch-alias": {
                    "dev-master": "2.2-dev"
                }
            },
            "autoload": {
                "psr-0": {
                    "Symfony\\Component\\Finder\\": ""
                }
            },
            "notification-url": "https://packagist.org/downloads/",
            "license": [
                "MIT"
            ],
            "authors": [
                {
                    "name": "Fabien Potencier",
                    "email": "fabien@symfony.com"
                },
                {
                    "name": "Symfony Community",
                    "homepage": "http://symfony.com/contributors"
                }
            ],
            "description": "Symfony Finder Component",
            "homepage": "http://symfony.com",
            "time": "2013-02-28 14:06:36"
        },
        {
            "name": "symfony/process",
            "version": "v2.2.0",
            "target-dir": "Symfony/Component/Process",
            "source": {
                "type": "git",
                "url": "https://github.com/symfony/Process.git",
                "reference": "v2.2.0-RC3"
            },
            "dist": {
                "type": "zip",
                "url": "https://api.github.com/repos/symfony/Process/zipball/v2.2.0-RC3",
                "reference": "v2.2.0-RC3",
                "shasum": ""
            },
            "require": {
                "php": ">=5.3.3"
            },
            "type": "library",
            "extra": {
                "branch-alias": {
                    "dev-master": "2.2-dev"
                }
            },
            "autoload": {
                "psr-0": {
                    "Symfony\\Component\\Process\\": ""
                }
            },
            "notification-url": "https://packagist.org/downloads/",
            "license": [
                "MIT"
            ],
            "authors": [
                {
                    "name": "Fabien Potencier",
                    "email": "fabien@symfony.com"
                },
                {
                    "name": "Symfony Community",
                    "homepage": "http://symfony.com/contributors"
                }
            ],
            "description": "Symfony Process Component",
            "homepage": "http://symfony.com",
            "time": "2013-02-18 21:28:10"
        }
    ],
    "packages-dev": [
        {
            "name": "eloquent/liberator",
            "version": "1.1.1",
            "source": {
                "type": "git",
                "url": "https://github.com/eloquent/liberator.git",
                "reference": "1.1.1"
            },
            "dist": {
                "type": "zip",
                "url": "https://api.github.com/repos/eloquent/liberator/zipball/1.1.1",
                "reference": "1.1.1",
                "shasum": ""
            },
            "require": {
                "eloquent/pops": ">=3.0,<4.0",
                "php": ">=5.3.0"
            },
            "require-dev": {
                "icecave/archer": ">=0.2,<1.0"
            },
            "type": "library",
            "autoload": {
                "psr-0": {
                    "Eloquent\\Liberator": "src"
                }
            },
            "notification-url": "https://packagist.org/downloads/",
            "license": [
                "MIT"
            ],
            "authors": [
                {
                    "name": "Erin Millard",
                    "email": "ezzatron@gmail.com",
                    "homepage": "http://ezzatron.com/"
                }
            ],
            "description": "A proxy for circumventing PHP access modifier restrictions.",
            "homepage": "https://github.com/eloquent/liberator",
            "keywords": [
                "access",
                "modifier",
                "object",
                "private",
                "protected",
                "proxy",
                "reflection"
            ],
            "time": "2013-03-03 23:02:47"
        },
        {
            "name": "eloquent/pops",
            "version": "3.1.0",
            "source": {
                "type": "git",
                "url": "git://github.com/eloquent/pops.git",
                "reference": "3.1.0"
            },
            "dist": {
                "type": "zip",
                "url": "https://github.com/eloquent/pops/zipball/3.1.0",
                "reference": "3.1.0",
                "shasum": ""
            },
            "require": {
                "php": ">=5.3.0"
            },
            "type": "library",
            "autoload": {
                "psr-0": {
                    "Eloquent\\Pops": "src"
                }
            },
            "notification-url": "https://packagist.org/downloads/",
            "license": [
                "MIT"
            ],
            "authors": [
                {
                    "name": "Erin Millard",
                    "email": "ezzatron@gmail.com",
                    "homepage": "http://ezzatron.com/"
                }
            ],
            "description": "PHP object proxy system.",
            "homepage": "https://github.com/eloquent/pops",
            "keywords": [
                "escaping",
                "object",
                "proxy"
            ],
            "time": "2012-08-02 06:17:58"
        },
        {
            "name": "icecave/archer",
            "version": "0.2.1",
            "source": {
                "type": "git",
                "url": "https://github.com/IcecaveStudios/archer.git",
                "reference": "0.2.1"
            },
            "dist": {
                "type": "zip",
                "url": "https://api.github.com/repos/IcecaveStudios/archer/zipball/0.2.1",
                "reference": "0.2.1",
                "shasum": ""
            },
            "require": {
                "phake/phake": ">=1.0,<2.0",
                "php": ">=5.3",
                "symfony/console": ">=2.0,<3.0",
                "symfony/process": ">=2.0,<3.0"
            },
            "suggest": {
                "ext-openssl": "OpenSSL is required to encrypt GitHub OAuth tokens for artifact publication."
            },
            "bin": [
                "bin/archer",
                "bin/woodhouse"
            ],
            "type": "library",
            "autoload": {
                "psr-0": {
                    "Icecave\\Archer": "lib"
                }
            },
            "notification-url": "https://packagist.org/downloads/",
            "license": [
                "MIT"
            ],
            "authors": [
                {
                    "name": "Erin Millard",
                    "email": "ezzatron@gmail.com",
                    "homepage": "http://ezzatron.com/"
                },
                {
                    "name": "James Harris",
                    "email": "james.harris@icecave.com.au"
                }
            ],
            "description": "PHP testing and continuous integration by convention.",
            "homepage": "https://github.com/IcecaveStudios/archer",
            "keywords": [
                "artifacts",
                "coverage",
                "phake",
                "phpunit",
                "test",
                "testing",
                "unit"
            ],
            "time": "2013-02-27 04:42:20"
        },
        {
            "name": "phake/phake",
            "version": "v1.0.3",
            "source": {
                "type": "git",
                "url": "git://github.com/mlively/Phake.git",
                "reference": "v1.0.3"
            },
            "dist": {
                "type": "zip",
                "url": "https://github.com/mlively/Phake/zipball/v1.0.3",
                "reference": "v1.0.3",
                "shasum": ""
            },
            "require": {
                "php": ">=5.2.0"
            },
            "type": "library",
            "autoload": {
                "classmap": [
                    "src"
                ]
            },
            "notification-url": "https://packagist.org/downloads/",
            "include-path": [
                "src"
            ],
            "license": [
                "BSD"
            ],
            "authors": [
                {
                    "name": "Mike Lively",
                    "email": "m@digitalsandwich.com"
                }
            ],
            "description": "The Phake mock testing library",
            "homepage": "https://github.com/mlively/Phake",
            "keywords": [
                "mock",
                "testing"
            ],
            "time": "2012-05-14 08:06:51"
        }
    ],
    "aliases": [

    ],
    "minimum-stability": "stable",
    "stability-flags": {
        "composer/composer": 20
    }
}
